
Microsoft Visual Studio Solution File, Format Version 12.00
# Visual Studio Version 17
VisualStudioVersion = 17.2.32630.192
MinimumVisualStudioVersion = 10.0.40219.1
Project("{FAE04EC0-301F-11D3-BF4B-00C04F79EFBC}") = "TicTacToe", "TicTacToe\TicTacToe.csproj", "{D799C3F7-9717-448F-A518-0D880164D08C}"
EndProject
Global
	GlobalSection(SolutionConfigurationPlatforms) = preSolution
		Debug|Any CPU = Debug|Any CPU
		Release|Any CPU = Release|Any CPU
	EndGlobalSection
	GlobalSection(ProjectConfigurationPlatforms) = postSolution
		{D799C3F7-9717-448F-A518-0D880164D08C}.Debug|Any CPU.ActiveCfg = Debug|Any CPU
		{D799C3F7-9717-448F-A518-0D880164D08C}.Debug|Any CPU.Build.0 = Debug|Any CPU
		{D799C3F7-9717-448F-A518-0D880164D08C}.Release|Any CPU.ActiveCfg = Release|Any CPU
		{D799C3F7-9717-448F-A518-0D880164D08C}.Release|Any CPU.Build.0 = Release|Any CPU
	EndGlobalSection
	GlobalSection(SolutionProperties) = preSolution
		HideSolutionNode = FALSE
	EndGlobalSection
	GlobalSection(ExtensibilityGlobals) = postSolution
		SolutionGuid = {F25AE60D-F3F9-47DF-8205-F6CC658FDDE4}
	EndGlobalSection
EndGlobal
